{
  "name": "@jsondelta/merge",
  "version": "1.0.0",
  "lockfileVersion": 3,
  "requires": true,
  "packages": {
    "": {
      "name": "@jsondelta/merge",
      "version": "1.0.0",
      "license": "MIT",
      "dependencies": {
        "@jsondelta/diff": "^1.0.0",
        "@jsondelta/patch": "^1.0.0"
      },
      "devDependencies": {
        "typescript": "^5.9.3"
      }
    },
    "node_modules/@jsondelta/diff": {
      "version": "1.0.0",
      "resolved": "https://registry.npmjs.org/@jsondelta/diff/-/diff-1.0.0.tgz",
      "integrity": "sha512-nQ4jYVlbC8QX4kLjj6Cz78uEuGcLmqblbyP3rm9jeVEDVB145j8BSGzKrtH/hzSw58qucq3BKzsw+4+M6V3dmA==",
      "license": "MIT"
    },
    "node_modules/@jsondelta/patch": {
      "version": "1.0.0",
      "resolved": "https://registry.npmjs.org/@jsondelta/patch/-/patch-1.0.0.tgz",
      "integrity": "sha512-ikCD+oLK6VdH/Wvsw8Wd1jeGKzxKNZ9IOSCiTaRC0ABOxSQmZ6wJ/4IJdmEz9kiAzpocazYVmm3sPDA6dftTmg==",
      "license": "MIT"
    },
    "node_modules/typescript": {
      "version": "5.9.3",
      "resolved": "https://registry.npmjs.org/typescript/-/typescript-5.9.3.tgz",
      "integrity": "sha512-jl1vZzPDinLr9eUt3J/t7V6FgNEw9QjvBPdysz9KfQDD41fQrC2Y4vKQdiaUpFT4bXlb1RHhLpp8wtm6M5TgSw==",
      "dev": true,
      "license": "Apache-2.0",
      "bin": {
        "tsc": "bin/tsc",
        "tsserver": "bin/tsserver"
      },
      "engines": {
        "node": ">=14.17"
      }
    }
  }
}
